
Microsoft Visual Studio Solution File, Format Version 12.00
# Visual Studio 15
VisualStudioVersion = 15.0.28010.2041
MinimumVisualStudioVersion = 10.0.40219.1
Project("{FAE04EC0-301F-11D3-BF4B-00C04F79EFBC}") = "SeleniumPart01", "SeleniumPart01\SeleniumPart01.csproj", "{56955F13-9B80-47E4-BCCB-1557E5D10345}"
EndProject
Project("{FAE04EC0-301F-11D3-BF4B-00C04F79EFBC}") = "MultipleThreadingExample", "MultipleThreadingExample\MultipleThreadingExample.csproj", "{F1F20E54-7BF6-4B8D-A7AD-D95926C7893B}"
EndProject
Project("{9092AA53-FB77-4645-B42D-1CCCA6BD08BD}") = "ReadFileAndFolder", "ReadFileAndFolder\ReadFileAndFolder.njsproj", "{6CE0C67A-BA20-4C18-B324-E8C193D974B9}"
EndProject
Global
	GlobalSection(SolutionConfigurationPlatforms) = preSolution
		Debug|Any CPU = Debug|Any CPU
		Release|Any CPU = Release|Any CPU
	EndGlobalSection
	GlobalSection(ProjectConfigurationPlatforms) = postSolution
		{56955F13-9B80-47E4-BCCB-1557E5D10345}.Debug|Any CPU.ActiveCfg = Debug|Any CPU
		{56955F13-9B80-47E4-BCCB-1557E5D10345}.Debug|Any CPU.Build.0 = Debug|Any CPU
		{56955F13-9B80-47E4-BCCB-1557E5D10345}.Release|Any CPU.ActiveCfg = Release|Any CPU
		{56955F13-9B80-47E4-BCCB-1557E5D10345}.Release|Any CPU.Build.0 = Release|Any CPU
		{F1F20E54-7BF6-4B8D-A7AD-D95926C7893B}.Debug|Any CPU.ActiveCfg = Debug|Any CPU
		{F1F20E54-7BF6-4B8D-A7AD-D95926C7893B}.Debug|Any CPU.Build.0 = Debug|Any CPU
		{F1F20E54-7BF6-4B8D-A7AD-D95926C7893B}.Release|Any CPU.ActiveCfg = Release|Any CPU
		{F1F20E54-7BF6-4B8D-A7AD-D95926C7893B}.Release|Any CPU.Build.0 = Release|Any CPU
		{6CE0C67A-BA20-4C18-B324-E8C193D974B9}.Debug|Any CPU.ActiveCfg = Debug|Any CPU
		{6CE0C67A-BA20-4C18-B324-E8C193D974B9}.Debug|Any CPU.Build.0 = Debug|Any CPU
		{6CE0C67A-BA20-4C18-B324-E8C193D974B9}.Release|Any CPU.ActiveCfg = Release|Any CPU
		{6CE0C67A-BA20-4C18-B324-E8C193D974B9}.Release|Any CPU.Build.0 = Release|Any CPU
	EndGlobalSection
	GlobalSection(SolutionProperties) = preSolution
		HideSolutionNode = FALSE
	EndGlobalSection
	GlobalSection(ExtensibilityGlobals) = postSolution
		SolutionGuid = {948B09BC-145F-48F5-9EEB-E4E50E37AE2C}
	EndGlobalSection
EndGlobal
